
Microsoft Visual Studio Solution File, Format Version 12.00
# Visual Studio Version 17
VisualStudioVersion = 17.5.33627.172
MinimumVisualStudioVersion = 10.0.40219.1
Project("{9A19103F-16F7-4668-BE54-9A1E7A4F7556}") = "DataAccess", "DataAccess\DataAccess.csproj", "{F4C5ECCA-5EF3-434E-AF69-746FC5DF79CD}"
EndProject
Project("{9A19103F-16F7-4668-BE54-9A1E7A4F7556}") = "BusinessObject", "BusinessObject\BusinessObject.csproj", "{F2333CE8-F7E9-410E-835D-18CA4AF758C3}"
EndProject
Project("{9A19103F-16F7-4668-BE54-9A1E7A4F7556}") = "eStoreAPI", "eStoreAPI\eStoreAPI.csproj", "{D50C13D9-58FE-4678-BB49-E20F4B81B3EA}"
EndProject
Project("{9A19103F-16F7-4668-BE54-9A1E7A4F7556}") = "eStoreClient", "eStoreClient\eStoreClient.csproj", "{E4423CD1-B4D0-47D5-85C6-8A3F96C417BA}"
EndProject
Project("{9A19103F-16F7-4668-BE54-9A1E7A4F7556}") = "Repository", "Repository\Repository.csproj", "{B98B85E9-9ED9-4C4E-AF80-6455E9CAC209}"
EndProject
Global
	GlobalSection(SolutionConfigurationPlatforms) = preSolution
		Debug|Any CPU = Debug|Any CPU
		Release|Any CPU = Release|Any CPU
	EndGlobalSection
	GlobalSection(ProjectConfigurationPlatforms) = postSolution
		{F4C5ECCA-5EF3-434E-AF69-746FC5DF79CD}.Debug|Any CPU.ActiveCfg = Debug|Any CPU
		{F4C5ECCA-5EF3-434E-AF69-746FC5DF79CD}.Debug|Any CPU.Build.0 = Debug|Any CPU
		{F4C5ECCA-5EF3-434E-AF69-746FC5DF79CD}.Release|Any CPU.ActiveCfg = Release|Any CPU
		{F4C5ECCA-5EF3-434E-AF69-746FC5DF79CD}.Release|Any CPU.Build.0 = Release|Any CPU
		{F2333CE8-F7E9-410E-835D-18CA4AF758C3}.Debug|Any CPU.ActiveCfg = Debug|Any CPU
		{F2333CE8-F7E9-410E-835D-18CA4AF758C3}.Debug|Any CPU.Build.0 = Debug|Any CPU
		{F2333CE8-F7E9-410E-835D-18CA4AF758C3}.Release|Any CPU.ActiveCfg = Release|Any CPU
		{F2333CE8-F7E9-410E-835D-18CA4AF758C3}.Release|Any CPU.Build.0 = Release|Any CPU
		{D50C13D9-58FE-4678-BB49-E20F4B81B3EA}.Debug|Any CPU.ActiveCfg = Debug|Any CPU
		{D50C13D9-58FE-4678-BB49-E20F4B81B3EA}.Debug|Any CPU.Build.0 = Debug|Any CPU
		{D50C13D9-58FE-4678-BB49-E20F4B81B3EA}.Release|Any CPU.ActiveCfg = Release|Any CPU
		{D50C13D9-58FE-4678-BB49-E20F4B81B3EA}.Release|Any CPU.Build.0 = Release|Any CPU
		{E4423CD1-B4D0-47D5-85C6-8A3F96C417BA}.Debug|Any CPU.ActiveCfg = Debug|Any CPU
		{E4423CD1-B4D0-47D5-85C6-8A3F96C417BA}.Debug|Any CPU.Build.0 = Debug|Any CPU
		{E4423CD1-B4D0-47D5-85C6-8A3F96C417BA}.Release|Any CPU.ActiveCfg = Release|Any CPU
		{E4423CD1-B4D0-47D5-85C6-8A3F96C417BA}.Release|Any CPU.Build.0 = Release|Any CPU
		{B98B85E9-9ED9-4C4E-AF80-6455E9CAC209}.Debug|Any CPU.ActiveCfg = Debug|Any CPU
		{B98B85E9-9ED9-4C4E-AF80-6455E9CAC209}.Debug|Any CPU.Build.0 = Debug|Any CPU
		{B98B85E9-9ED9-4C4E-AF80-6455E9CAC209}.Release|Any CPU.ActiveCfg = Release|Any CPU
		{B98B85E9-9ED9-4C4E-AF80-6455E9CAC209}.Release|Any CPU.Build.0 = Release|Any CPU
	EndGlobalSection
	GlobalSection(SolutionProperties) = preSolution
		HideSolutionNode = FALSE
	EndGlobalSection
	GlobalSection(ExtensibilityGlobals) = postSolution
		SolutionGuid = {5190C2BC-3FE8-46DF-A261-870D5326CFAF}
	EndGlobalSection
EndGlobal
